
Microsoft Visual Studio Solution File, Format Version 12.00
# Visual Studio Version 17
VisualStudioVersion = 17.3.32929.385
MinimumVisualStudioVersion = 10.0.40219.1
Project("{FAE04EC0-301F-11D3-BF4B-00C04F79EFBC}") = "poligon console", "poligon console\poligon console.csproj", "{49F8F35A-6CC5-43A1-8F3E-C17B6FE7966F}"
EndProject
Global
	GlobalSection(SolutionConfigurationPlatforms) = preSolution
		Debug|Any CPU = Debug|Any CPU
		Release|Any CPU = Release|Any CPU
	EndGlobalSection
	GlobalSection(ProjectConfigurationPlatforms) = postSolution
		{49F8F35A-6CC5-43A1-8F3E-C17B6FE7966F}.Debug|Any CPU.ActiveCfg = Debug|Any CPU
		{49F8F35A-6CC5-43A1-8F3E-C17B6FE7966F}.Debug|Any CPU.Build.0 = Debug|Any CPU
		{49F8F35A-6CC5-43A1-8F3E-C17B6FE7966F}.Release|Any CPU.ActiveCfg = Release|Any CPU
		{49F8F35A-6CC5-43A1-8F3E-C17B6FE7966F}.Release|Any CPU.Build.0 = Release|Any CPU
	EndGlobalSection
	GlobalSection(SolutionProperties) = preSolution
		HideSolutionNode = FALSE
	EndGlobalSection
	GlobalSection(ExtensibilityGlobals) = postSolution
		SolutionGuid = {6684D440-C4AE-422F-91BA-32037ACFF2AA}
	EndGlobalSection
EndGlobal
